
Microsoft Visual Studio Solution File, Format Version 12.00
# Visual Studio Version 17
VisualStudioVersion = 17.0.32014.148
MinimumVisualStudioVersion = 10.0.40219.1
Project("{FAE04EC0-301F-11D3-BF4B-00C04F79EFBC}") = "ConsoleApp1", "ConsoleApp1\ConsoleApp1.csproj", "{99300CFC-8AD9-4CD7-A818-0B85C3696B5B}"
EndProject
Global
	GlobalSection(SolutionConfigurationPlatforms) = preSolution
		Debug|Any CPU = Debug|Any CPU
		Release|Any CPU = Release|Any CPU
	EndGlobalSection
	GlobalSection(ProjectConfigurationPlatforms) = postSolution
		{99300CFC-8AD9-4CD7-A818-0B85C3696B5B}.Debug|Any CPU.ActiveCfg = Debug|Any CPU
		{99300CFC-8AD9-4CD7-A818-0B85C3696B5B}.Debug|Any CPU.Build.0 = Debug|Any CPU
		{99300CFC-8AD9-4CD7-A818-0B85C3696B5B}.Release|Any CPU.ActiveCfg = Release|Any CPU
		{99300CFC-8AD9-4CD7-A818-0B85C3696B5B}.Release|Any CPU.Build.0 = Release|Any CPU
	EndGlobalSection
	GlobalSection(SolutionProperties) = preSolution
		HideSolutionNode = FALSE
	EndGlobalSection
	GlobalSection(ExtensibilityGlobals) = postSolution
		SolutionGuid = {999E38CE-D5F7-444D-A4C2-AEA3705D1DDF}
	EndGlobalSection
EndGlobal
