
Microsoft Visual Studio Solution File, Format Version 12.00
# Visual Studio Version 17
VisualStudioVersion = 17.0.32014.148
MinimumVisualStudioVersion = 10.0.40219.1
Project("{9A19103F-16F7-4668-BE54-9A1E7A4F7556}") = "AccountsUIBlazor", "AccountsUIBlazor\AccountsUIBlazor.csproj", "{9B86713E-6CBF-45CB-948B-5B6CC2988F41}"
EndProject
Project("{9A19103F-16F7-4668-BE54-9A1E7A4F7556}") = "AccountApi.Application", "AccountApi.Application\AccountApi.Application.csproj", "{B2B15C44-BF1C-4AED-B03B-2F137AD6F9F1}"
EndProject
Project("{9A19103F-16F7-4668-BE54-9A1E7A4F7556}") = "AccontApi.Core", "AccontApi.Core\AccontApi.Core.csproj", "{4BA93EF5-EA09-42B7-8640-66810F230620}"
EndProject
Project("{9A19103F-16F7-4668-BE54-9A1E7A4F7556}") = "AccountApi.Infrastructure", "AccountApi.Infrastructure\AccountApi.Infrastructure.csproj", "{A643E65E-E09F-401F-9A77-178348A8C579}"
EndProject
Project("{9A19103F-16F7-4668-BE54-9A1E7A4F7556}") = "AccountApi.Logging", "AccountApi.Logging\AccountApi.Logging.csproj", "{B2857E75-44C8-4BBD-911E-C3320D7924C2}"
EndProject
Project("{9A19103F-16F7-4668-BE54-9A1E7A4F7556}") = "AccountApi.Sql", "AccountApi.Sql\AccountApi.Sql.csproj", "{8BF81CB9-959C-49DE-8CD9-7803BC647F3D}"
EndProject
Project("{9A19103F-16F7-4668-BE54-9A1E7A4F7556}") = "AccountApi.Test", "AccountApi.Test\AccountApi.Test.csproj", "{643675C7-5CE7-405F-92AE-0FCD82620E8A}"
EndProject
Global
	GlobalSection(SolutionConfigurationPlatforms) = preSolution
		Debug|Any CPU = Debug|Any CPU
		Release|Any CPU = Release|Any CPU
	EndGlobalSection
	GlobalSection(ProjectConfigurationPlatforms) = postSolution
		{9B86713E-6CBF-45CB-948B-5B6CC2988F41}.Debug|Any CPU.ActiveCfg = Debug|Any CPU
		{9B86713E-6CBF-45CB-948B-5B6CC2988F41}.Debug|Any CPU.Build.0 = Debug|Any CPU
		{9B86713E-6CBF-45CB-948B-5B6CC2988F41}.Release|Any CPU.ActiveCfg = Release|Any CPU
		{9B86713E-6CBF-45CB-948B-5B6CC2988F41}.Release|Any CPU.Build.0 = Release|Any CPU
		{B2B15C44-BF1C-4AED-B03B-2F137AD6F9F1}.Debug|Any CPU.ActiveCfg = Debug|Any CPU
		{B2B15C44-BF1C-4AED-B03B-2F137AD6F9F1}.Debug|Any CPU.Build.0 = Debug|Any CPU
		{B2B15C44-BF1C-4AED-B03B-2F137AD6F9F1}.Release|Any CPU.ActiveCfg = Release|Any CPU
		{B2B15C44-BF1C-4AED-B03B-2F137AD6F9F1}.Release|Any CPU.Build.0 = Release|Any CPU
		{4BA93EF5-EA09-42B7-8640-66810F230620}.Debug|Any CPU.ActiveCfg = Debug|Any CPU
		{4BA93EF5-EA09-42B7-8640-66810F230620}.Debug|Any CPU.Build.0 = Debug|Any CPU
		{4BA93EF5-EA09-42B7-8640-66810F230620}.Release|Any CPU.ActiveCfg = Release|Any CPU
		{4BA93EF5-EA09-42B7-8640-66810F230620}.Release|Any CPU.Build.0 = Release|Any CPU
		{A643E65E-E09F-401F-9A77-178348A8C579}.Debug|Any CPU.ActiveCfg = Debug|Any CPU
		{A643E65E-E09F-401F-9A77-178348A8C579}.Debug|Any CPU.Build.0 = Debug|Any CPU
		{A643E65E-E09F-401F-9A77-178348A8C579}.Release|Any CPU.ActiveCfg = Release|Any CPU
		{A643E65E-E09F-401F-9A77-178348A8C579}.Release|Any CPU.Build.0 = Release|Any CPU
		{B2857E75-44C8-4BBD-911E-C3320D7924C2}.Debug|Any CPU.ActiveCfg = Debug|Any CPU
		{B2857E75-44C8-4BBD-911E-C3320D7924C2}.Debug|Any CPU.Build.0 = Debug|Any CPU
		{B2857E75-44C8-4BBD-911E-C3320D7924C2}.Release|Any CPU.ActiveCfg = Release|Any CPU
		{B2857E75-44C8-4BBD-911E-C3320D7924C2}.Release|Any CPU.Build.0 = Release|Any CPU
		{8BF81CB9-959C-49DE-8CD9-7803BC647F3D}.Debug|Any CPU.ActiveCfg = Debug|Any CPU
		{8BF81CB9-959C-49DE-8CD9-7803BC647F3D}.Debug|Any CPU.Build.0 = Debug|Any CPU
		{8BF81CB9-959C-49DE-8CD9-7803BC647F3D}.Release|Any CPU.ActiveCfg = Release|Any CPU
		{8BF81CB9-959C-49DE-8CD9-7803BC647F3D}.Release|Any CPU.Build.0 = Release|Any CPU
		{643675C7-5CE7-405F-92AE-0FCD82620E8A}.Debug|Any CPU.ActiveCfg = Debug|Any CPU
		{643675C7-5CE7-405F-92AE-0FCD82620E8A}.Debug|Any CPU.Build.0 = Debug|Any CPU
		{643675C7-5CE7-405F-92AE-0FCD82620E8A}.Release|Any CPU.ActiveCfg = Release|Any CPU
		{643675C7-5CE7-405F-92AE-0FCD82620E8A}.Release|Any CPU.Build.0 = Release|Any CPU
	EndGlobalSection
	GlobalSection(SolutionProperties) = preSolution
		HideSolutionNode = FALSE
	EndGlobalSection
	GlobalSection(ExtensibilityGlobals) = postSolution
		SolutionGuid = {E69E460D-EBE3-464D-941F-C7E0DC38D079}
	EndGlobalSection
EndGlobal
